{
  "name": "sldv",
  "version": "1.0.0",
  "lockfileVersion": 1,
  "requires": true,
  "dependencies": {
    "@yarnpkg/lockfile": {
      "version": "1.1.0",
      "resolved": "https://registry.npmjs.org/@yarnpkg/lockfile/-/lockfile-1.1.0.tgz",
      "integrity": "sha512-GpSwvyXOcOOlV70vbnzjj4fW5xW/FdUF6nQEt1ENy7m4ZCczi1+/buVUPAqmGfqznsORNFzUMjctTIp8a9tuCQ==",
      "dev": true
    },
    "local-pkg": {
      "version": "0.4.1",
      "resolved": "https://registry.npmjs.org/local-pkg/-/local-pkg-0.4.1.tgz",
      "integrity": "sha512-lL87ytIGP2FU5PWwNDo0w3WhIo2gopIAxPg9RxDYF7m4rr5ahuZxP22xnJHIvaLTe4Z9P6uKKY2UHiwyB4pcrw=="
    }
  }
}
